
Microsoft Visual Studio Solution File, Format Version 12.00
# Visual Studio Version 17
VisualStudioVersion = 17.2.32616.157
MinimumVisualStudioVersion = 10.0.40219.1
Project("{FAE04EC0-301F-11D3-BF4B-00C04F79EFBC}") = "Products", "Products\Products.csproj", "{4FA27BE9-394F-4274-A08E-66AC401C955A}"
EndProject
Global
	GlobalSection(SolutionConfigurationPlatforms) = preSolution
		Debug|Any CPU = Debug|Any CPU
		Release|Any CPU = Release|Any CPU
	EndGlobalSection
	GlobalSection(ProjectConfigurationPlatforms) = postSolution
		{4FA27BE9-394F-4274-A08E-66AC401C955A}.Debug|Any CPU.ActiveCfg = Debug|Any CPU
		{4FA27BE9-394F-4274-A08E-66AC401C955A}.Debug|Any CPU.Build.0 = Debug|Any CPU
		{4FA27BE9-394F-4274-A08E-66AC401C955A}.Release|Any CPU.ActiveCfg = Release|Any CPU
		{4FA27BE9-394F-4274-A08E-66AC401C955A}.Release|Any CPU.Build.0 = Release|Any CPU
	EndGlobalSection
	GlobalSection(SolutionProperties) = preSolution
		HideSolutionNode = FALSE
	EndGlobalSection
	GlobalSection(ExtensibilityGlobals) = postSolution
		SolutionGuid = {495AEB1A-B72B-4E6D-84D5-F7FFF5B166E8}
	EndGlobalSection
EndGlobal
